// !$*UTF8*$!
{
	archiveVersion = 1;
	classes = {
	};
	objectVersion = 56;
	objects = {

/* Begin PBXBuildFile section */
		A4093FAB29FD04AD0096F326 /* AppDelegate.swift in Sources */ = {isa = PBXBuildFile; fileRef = A4093FAA29FD04AD0096F326 /* AppDelegate.swift */; };
		A4093FAD29FD04AD0096F326 /* SceneDelegate.swift in Sources */ = {isa = PBXBuildFile; fileRef = A4093FAC29FD04AD0096F326 /* SceneDelegate.swift */; };
		A4093FAF29FD04AD0096F326 /* ViewController.swift in Sources */ = {isa = PBXBuildFile; fileRef = A4093FAE29FD04AD0096F326 /* ViewController.swift */; };
		A4093FB229FD04AD0096F326 /* Main.storyboard in Resources */ = {isa = PBXBuildFile; fileRef = A4093FB029FD04AD0096F326 /* Main.storyboard */; };
		A4093FB429FD04AE0096F326 /* Assets.xcassets in Resources */ = {isa = PBXBuildFile; fileRef = A4093FB329FD04AE0096F326 /* Assets.xcassets */; };
		A4093FB729FD04AE0096F326 /* LaunchScreen.storyboard in Resources */ = {isa = PBXBuildFile; fileRef = A4093FB529FD04AE0096F326 /* LaunchScreen.storyboard */; };
		A4093FC529FD07130096F326 /* CarrotViewController.swift in Sources */ = {isa = PBXBuildFile; fileRef = A4093FC429FD07130096F326 /* CarrotViewController.swift */; };
		A4093FC729FD07310096F326 /* GalleryViewController.swift in Sources */ = {isa = PBXBuildFile; fileRef = A4093FC629FD07310096F326 /* GalleryViewController.swift */; };
		A4093FC929FD08840096F326 /* Carrot.swift in Sources */ = {isa = PBXBuildFile; fileRef = A4093FC829FD08840096F326 /* Carrot.swift */; };
		A4093FCC29FD0B080096F326 /* Image.xcassets in Resources */ = {isa = PBXBuildFile; fileRef = A4093FCB29FD0B080096F326 /* Image.xcassets */; };
		A4093FD029FD0B5E0096F326 /* UIImage+.swift in Sources */ = {isa = PBXBuildFile; fileRef = A4093FCF29FD0B5E0096F326 /* UIImage+.swift */; };
		A4093FD329FD0DCE0096F326 /* SnapKit in Frameworks */ = {isa = PBXBuildFile; productRef = A4093FD229FD0DCE0096F326 /* SnapKit */; };
		A4093FD629FD0DD70096F326 /* Then in Frameworks */ = {isa = PBXBuildFile; productRef = A4093FD529FD0DD70096F326 /* Then */; };
		A4093FD829FD0E880096F326 /* CarrotTableViewCell.swift in Sources */ = {isa = PBXBuildFile; fileRef = A4093FD729FD0E880096F326 /* CarrotTableViewCell.swift */; };
		A4093FDA29FD10320096F326 /* UIView+.swift in Sources */ = {isa = PBXBuildFile; fileRef = A4093FD929FD10320096F326 /* UIView+.swift */; };
/* End PBXBuildFile section */

/* Begin PBXFileReference section */
		A4093FA729FD04AD0096F326 /* Seminar3.app */ = {isa = PBXFileReference; explicitFileType = wrapper.application; includeInIndex = 0; path = Seminar3.app; sourceTree = BUILT_PRODUCTS_DIR; };
		A4093FAA29FD04AD0096F326 /* AppDelegate.swift */ = {isa = PBXFileReference; lastKnownFileType = sourcecode.swift; path = AppDelegate.swift; sourceTree = "<group>"; };
		A4093FAC29FD04AD0096F326 /* SceneDelegate.swift */ = {isa = PBXFileReference; lastKnownFileType = sourcecode.swift; path = SceneDelegate.swift; sourceTree = "<group>"; };
		A4093FAE29FD04AD0096F326 /* ViewController.swift */ = {isa = PBXFileReference; lastKnownFileType = sourcecode.swift; path = ViewController.swift; sourceTree = "<group>"; };
		A4093FB129FD04AD0096F326 /* Base */ = {isa = PBXFileReference; lastKnownFileType = file.storyboard; name = Base; path = Base.lproj/Main.storyboard; sourceTree = "<group>"; };
		A4093FB329FD04AE0096F326 /* Assets.xcassets */ = {isa = PBXFileReference; lastKnownFileType = folder.assetcatalog; path = Assets.xcassets; sourceTree = "<group>"; };
		A4093FB629FD04AE0096F326 /* Base */ = {isa = PBXFileReference; lastKnownFileType = file.storyboard; name = Base; path = Base.lproj/LaunchScreen.storyboard; sourceTree = "<group>"; };
		A4093FB829FD04AE0096F326 /* Info.plist */ = {isa = PBXFileReference; lastKnownFileType = text.plist.xml; path = Info.plist; sourceTree = "<group>"; };
		A4093FC429FD07130096F326 /* CarrotViewController.swift */ = {isa = PBXFileReference; lastKnownFileType = sourcecode.swift; path = CarrotViewController.swift; sourceTree = "<group>"; };
		A4093FC629FD07310096F326 /* GalleryViewController.swift */ = {isa = PBXFileReference; lastKnownFileType = sourcecode.swift; path = GalleryViewController.swift; sourceTree = "<group>"; };
		A4093FC829FD08840096F326 /* Carrot.swift */ = {isa = PBXFileReference; lastKnownFileType = sourcecode.swift; path = Carrot.swift; sourceTree = "<group>"; };
		A4093FCB29FD0B080096F326 /* Image.xcassets */ = {isa = PBXFileReference; lastKnownFileType = folder.assetcatalog; path = Image.xcassets; sourceTree = "<group>"; };
		A4093FCF29FD0B5E0096F326 /* UIImage+.swift */ = {isa = PBXFileReference; lastKnownFileType = sourcecode.swift; path = "UIImage+.swift"; sourceTree = "<group>"; };
		A4093FD729FD0E880096F326 /* CarrotTableViewCell.swift */ = {isa = PBXFileReference; lastKnownFileType = sourcecode.swift; path = CarrotTableViewCell.swift; sourceTree = "<group>"; };
		A4093FD929FD10320096F326 /* UIView+.swift */ = {isa = PBXFileReference; lastKnownFileType = sourcecode.swift; path = "UIView+.swift"; sourceTree = "<group>"; };
/* End PBXFileReference section */

/* Begin PBXFrameworksBuildPhase section */
		A4093FA429FD04AD0096F326 /* Frameworks */ = {
			isa = PBXFrameworksBuildPhase;
			buildActionMask = 2147483647;
			files = (
				A4093FD329FD0DCE0096F326 /* SnapKit in Frameworks */,
				A4093FD629FD0DD70096F326 /* Then in Frameworks */,
			);
			runOnlyForDeploymentPostprocessing = 0;
		};
/* End PBXFrameworksBuildPhase section */

/* Begin PBXGroup section */
		A4093F9E29FD04AD0096F326 = {
			isa = PBXGroup;
			children = (
				A4093FA929FD04AD0096F326 /* Seminar3 */,
				A4093FA829FD04AD0096F326 /* Products */,
			);
			sourceTree = "<group>";
		};
		A4093FA829FD04AD0096F326 /* Products */ = {
			isa = PBXGroup;
			children = (
				A4093FA729FD04AD0096F326 /* Seminar3.app */,
			);
			name = Products;
			sourceTree = "<group>";
		};
		A4093FA929FD04AD0096F326 /* Seminar3 */ = {
			isa = PBXGroup;
			children = (
				A4093FBE29FD051E0096F326 /* Application */,
				A4093FBF29FD053B0096F326 /* Presentation */,
				A4093FC029FD054B0096F326 /* Resource */,
				A4093FC129FD055C0096F326 /* Util */,
				A4093FB029FD04AD0096F326 /* Main.storyboard */,
				A4093FB829FD04AE0096F326 /* Info.plist */,
			);
			path = Seminar3;
			sourceTree = "<group>";
		};
		A4093FBE29FD051E0096F326 /* Application */ = {
			isa = PBXGroup;
			children = (
				A4093FAA29FD04AD0096F326 /* AppDelegate.swift */,
				A4093FAC29FD04AD0096F326 /* SceneDelegate.swift */,
			);
			path = Application;
			sourceTree = "<group>";
		};
		A4093FBF29FD053B0096F326 /* Presentation */ = {
			isa = PBXGroup;
			children = (
				A4093FC229FD063B0096F326 /* Carrot */,
				A4093FC329FD064F0096F326 /* Gallery */,
				A4093FAE29FD04AD0096F326 /* ViewController.swift */,
			);
			path = Presentation;
			sourceTree = "<group>";
		};
		A4093FC029FD054B0096F326 /* Resource */ = {
			isa = PBXGroup;
			children = (
				A4093FCA29FD0AF30096F326 /* AssetCatalog */,
				A4093FB529FD04AE0096F326 /* LaunchScreen.storyboard */,
			);
			path = Resource;
			sourceTree = "<group>";
		};
		A4093FC129FD055C0096F326 /* Util */ = {
			isa = PBXGroup;
			children = (
				A4093FCD29FD0B2E0096F326 /* Extension */,
				A4093FCE29FD0B400096F326 /* NameSpace */,
			);
			path = Util;
			sourceTree = "<group>";
		};
		A4093FC229FD063B0096F326 /* Carrot */ = {
			isa = PBXGroup;
			children = (
				A4093FC829FD08840096F326 /* Carrot.swift */,
				A4093FD729FD0E880096F326 /* CarrotTableViewCell.swift */,
				A4093FC429FD07130096F326 /* CarrotViewController.swift */,
			);
			path = Carrot;
			sourceTree = "<group>";
		};
		A4093FC329FD064F0096F326 /* Gallery */ = {
			isa = PBXGroup;
			children = (
				A4093FC629FD07310096F326 /* GalleryViewController.swift */,
			);
			path = Gallery;
			sourceTree = "<group>";
		};
		A4093FCA29FD0AF30096F326 /* AssetCatalog */ = {
			isa = PBXGroup;
			children = (
				A4093FB329FD04AE0096F326 /* Assets.xcassets */,
				A4093FCB29FD0B080096F326 /* Image.xcassets */,
			);
			path = AssetCatalog;
			sourceTree = "<group>";
		};
		A4093FCD29FD0B2E0096F326 /* Extension */ = {
			isa = PBXGroup;
			children = (
				A4093FCF29FD0B5E0096F326 /* UIImage+.swift */,
				A4093FD929FD10320096F326 /* UIView+.swift */,
			);
			path = Extension;
			sourceTree = "<group>";
		};
		A4093FCE29FD0B400096F326 /* NameSpace */ = {
			isa = PBXGroup;
			children = (
			);
			path = NameSpace;
			sourceTree = "<group>";
		};
/* End PBXGroup section */

/* Begin PBXNativeTarget section */
		A4093FA629FD04AD0096F326 /* Seminar3 */ = {
			isa = PBXNativeTarget;
			buildConfigurationList = A4093FBB29FD04AE0096F326 /* Build configuration list for PBXNativeTarget "Seminar3" */;
			buildPhases = (
				A4093FA329FD04AD0096F326 /* Sources */,
				A4093FA429FD04AD0096F326 /* Frameworks */,
				A4093FA529FD04AD0096F326 /* Resources */,
			);
			buildRules = (
			);
			dependencies = (
			);
			name = Seminar3;
			packageProductDependencies = (
				A4093FD229FD0DCE0096F326 /* SnapKit */,
				A4093FD529FD0DD70096F326 /* Then */,
			);
			productName = Seminar3;
			productReference = A4093FA729FD04AD0096F326 /* Seminar3.app */;
			productType = "com.apple.product-type.application";
		};
/* End PBXNativeTarget section */

/* Begin PBXProject section */
		A4093F9F29FD04AD0096F326 /* Project object */ = {
			isa = PBXProject;
			attributes = {
				BuildIndependentTargetsInParallel = 1;
				LastSwiftUpdateCheck = 1420;
				LastUpgradeCheck = 1420;
				TargetAttributes = {
					A4093FA629FD04AD0096F326 = {
						CreatedOnToolsVersion = 14.2;
					};
				};
			};
			buildConfigurationList = A4093FA229FD04AD0096F326 /* Build configuration list for PBXProject "Seminar3" */;
			compatibilityVersion = "Xcode 14.0";
			developmentRegion = en;
			hasScannedForEncodings = 0;
			knownRegions = (
				en,
				Base,
			);
			mainGroup = A4093F9E29FD04AD0096F326;
			packageReferences = (
				A4093FD129FD0DCE0096F326 /* XCRemoteSwiftPackageReference "SnapKit" */,
				A4093FD429FD0DD70096F326 /* XCRemoteSwiftPackageReference "Then" */,
			);
			productRefGroup = A4093FA829FD04AD0096F326 /* Products */;
			projectDirPath = "";
			projectRoot = "";
			targets = (
				A4093FA629FD04AD0096F326 /* Seminar3 */,
			);
		};
/* End PBXProject section */

/* Begin PBXResourcesBuildPhase section */
		A4093FA529FD04AD0096F326 /* Resources */ = {
			isa = PBXResourcesBuildPhase;
			buildActionMask = 2147483647;
			files = (
				A4093FB729FD04AE0096F326 /* LaunchScreen.storyboard in Resources */,
				A4093FCC29FD0B080096F326 /* Image.xcassets in Resources */,
				A4093FB429FD04AE0096F326 /* Assets.xcassets in Resources */,
				A4093FB229FD04AD0096F326 /* Main.storyboard in Resources */,
			);
			runOnlyForDeploymentPostprocessing = 0;
		};
/* End PBXResourcesBuildPhase section */

/* Begin PBXSourcesBuildPhase section */
		A4093FA329FD04AD0096F326 /* Sources */ = {
			isa = PBXSourcesBuildPhase;
			buildActionMask = 2147483647;
			files = (
				A4093FD029FD0B5E0096F326 /* UIImage+.swift in Sources */,
				A4093FAF29FD04AD0096F326 /* ViewController.swift in Sources */,
				A4093FD829FD0E880096F326 /* CarrotTableViewCell.swift in Sources */,
				A4093FAB29FD04AD0096F326 /* AppDelegate.swift in Sources */,
				A4093FC729FD07310096F326 /* GalleryViewController.swift in Sources */,
				A4093FAD29FD04AD0096F326 /* SceneDelegate.swift in Sources */,
				A4093FDA29FD10320096F326 /* UIView+.swift in Sources */,
				A4093FC929FD08840096F326 /* Carrot.swift in Sources */,
				A4093FC529FD07130096F326 /* CarrotViewController.swift in Sources */,
			);
			runOnlyForDeploymentPostprocessing = 0;
		};
/* End PBXSourcesBuildPhase section */

/* Begin PBXVariantGroup section */
		A4093FB029FD04AD0096F326 /* Main.storyboard */ = {
			isa = PBXVariantGroup;
			children = (
				A4093FB129FD04AD0096F326 /* Base */,
			);
			name = Main.storyboard;
			sourceTree = "<group>";
		};
		A4093FB529FD04AE0096F326 /* LaunchScreen.storyboard */ = {
			isa = PBXVariantGroup;
			children = (
				A4093FB629FD04AE0096F326 /* Base */,
			);
			name = LaunchScreen.storyboard;
			sourceTree = "<group>";
		};
/* End PBXVariantGroup section */

/* Begin XCBuildConfiguration section */
		A4093FB929FD04AE0096F326 /* Debug */ = {
			isa = XCBuildConfiguration;
			buildSettings = {
				ALWAYS_SEARCH_USER_PATHS = NO;
				CLANG_ANALYZER_NONNULL = YES;
				CLANG_ANALYZER_NUMBER_OBJECT_CONVERSION = YES_AGGRESSIVE;
				CLANG_CXX_LANGUAGE_STANDARD = "gnu++20";
				CLANG_ENABLE_MODULES = YES;
				CLANG_ENABLE_OBJC_ARC = YES;
				CLANG_ENABLE_OBJC_WEAK = YES;
				CLANG_WARN_BLOCK_CAPTURE_AUTORELEASING = YES;
				CLANG_WARN_BOOL_CONVERSION = YES;
				CLANG_WARN_COMMA = YES;
				CLANG_WARN_CONSTANT_CONVERSION = YES;
				CLANG_WARN_DEPRECATED_OBJC_IMPLEMENTATIONS = YES;
				CLANG_WARN_DIRECT_OBJC_ISA_USAGE = YES_ERROR;
				CLANG_WARN_DOCUMENTATION_COMMENTS = YES;
				CLANG_WARN_EMPTY_BODY = YES;
				CLANG_WARN_ENUM_CONVERSION = YES;
				CLANG_WARN_INFINITE_RECURSION = YES;
				CLANG_WARN_INT_CONVERSION = YES;
				CLANG_WARN_NON_LITERAL_NULL_CONVERSION = YES;
				CLANG_WARN_OBJC_IMPLICIT_RETAIN_SELF = YES;
				CLANG_WARN_OBJC_LITERAL_CONVERSION = YES;
				CLANG_WARN_OBJC_ROOT_CLASS = YES_ERROR;
				CLANG_WARN_QUOTED_INCLUDE_IN_FRAMEWORK_HEADER = YES;
				CLANG_WARN_RANGE_LOOP_ANALYSIS = YES;
				CLANG_WARN_STRICT_PROTOTYPES = YES;
				CLANG_WARN_SUSPICIOUS_MOVE = YES;
				CLANG_WARN_UNGUARDED_AVAILABILITY = YES_AGGRESSIVE;
				CLANG_WARN_UNREACHABLE_CODE = YES;
				CLANG_WARN__DUPLICATE_METHOD_MATCH = YES;
				COPY_PHASE_STRIP = NO;
				DEBUG_INFORMATION_FORMAT = dwarf;
				ENABLE_STRICT_OBJC_MSGSEND = YES;
				ENABLE_TESTABILITY = YES;
				GCC_C_LANGUAGE_STANDARD = gnu11;
				GCC_DYNAMIC_NO_PIC = NO;
				GCC_NO_COMMON_BLOCKS = YES;
				GCC_OPTIMIZATION_LEVEL = 0;
				GCC_PREPROCESSOR_DEFINITIONS = (
					"DEBUG=1",
					"$(inherited)",
				);
				GCC_WARN_64_TO_32_BIT_CONVERSION = YES;
				GCC_WARN_ABOUT_RETURN_TYPE = YES_ERROR;
				GCC_WARN_UNDECLARED_SELECTOR = YES;
				GCC_WARN_UNINITIALIZED_AUTOS = YES_AGGRESSIVE;
				GCC_WARN_UNUSED_FUNCTION = YES;
				GCC_WARN_UNUSED_VARIABLE = YES;
				IPHONEOS_DEPLOYMENT_TARGET = 16.2;
				MTL_ENABLE_DEBUG_INFO = INCLUDE_SOURCE;
				MTL_FAST_MATH = YES;
				ONLY_ACTIVE_ARCH = YES;
				SDKROOT = iphoneos;
				SWIFT_ACTIVE_COMPILATION_CONDITIONS = DEBUG;
				SWIFT_OPTIMIZATION_LEVEL = "-Onone";
			};
			name = Debug;
		};
		A4093FBA29FD04AE0096F326 /* Release */ = {
			isa = XCBuildConfiguration;
			buildSettings = {
				ALWAYS_SEARCH_USER_PATHS = NO;
				CLANG_ANALYZER_NONNULL = YES;
				CLANG_ANALYZER_NUMBER_OBJECT_CONVERSION = YES_AGGRESSIVE;
				CLANG_CXX_LANGUAGE_STANDARD = "gnu++20";
				CLANG_ENABLE_MODULES = YES;
				CLANG_ENABLE_OBJC_ARC = YES;
				CLANG_ENABLE_OBJC_WEAK = YES;
				CLANG_WARN_BLOCK_CAPTURE_AUTORELEASING = YES;
				CLANG_WARN_BOOL_CONVERSION = YES;
				CLANG_WARN_COMMA = YES;
				CLANG_WARN_CONSTANT_CONVERSION = YES;
				CLANG_WARN_DEPRECATED_OBJC_IMPLEMENTATIONS = YES;
				CLANG_WARN_DIRECT_OBJC_ISA_USAGE = YES_ERROR;
				CLANG_WARN_DOCUMENTATION_COMMENTS = YES;
				CLANG_WARN_EMPTY_BODY = YES;
				CLANG_WARN_ENUM_CONVERSION = YES;
				CLANG_WARN_INFINITE_RECURSION = YES;
				CLANG_WARN_INT_CONVERSION = YES;
				CLANG_WARN_NON_LITERAL_NULL_CONVERSION = YES;
				CLANG_WARN_OBJC_IMPLICIT_RETAIN_SELF = YES;
				CLANG_WARN_OBJC_LITERAL_CONVERSION = YES;
				CLANG_WARN_OBJC_ROOT_CLASS = YES_ERROR;
				CLANG_WARN_QUOTED_INCLUDE_IN_FRAMEWORK_HEADER = YES;
				CLANG_WARN_RANGE_LOOP_ANALYSIS = YES;
				CLANG_WARN_STRICT_PROTOTYPES = YES;
				CLANG_WARN_SUSPICIOUS_MOVE = YES;
				CLANG_WARN_UNGUARDED_AVAILABILITY = YES_AGGRESSIVE;
				CLANG_WARN_UNREACHABLE_CODE = YES;
				CLANG_WARN__DUPLICATE_METHOD_MATCH = YES;
				COPY_PHASE_STRIP = NO;
				DEBUG_INFORMATION_FORMAT = "dwarf-with-dsym";
				ENABLE_NS_ASSERTIONS = NO;
				ENABLE_STRICT_OBJC_MSGSEND = YES;
				GCC_C_LANGUAGE_STANDARD = gnu11;
				GCC_NO_COMMON_BLOCKS = YES;
				GCC_WARN_64_TO_32_BIT_CONVERSION = YES;
				GCC_WARN_ABOUT_RETURN_TYPE = YES_ERROR;
				GCC_WARN_UNDECLARED_SELECTOR = YES;
				GCC_WARN_UNINITIALIZED_AUTOS = YES_AGGRESSIVE;
				GCC_WARN_UNUSED_FUNCTION = YES;
				GCC_WARN_UNUSED_VARIABLE = YES;
				IPHONEOS_DEPLOYMENT_TARGET = 16.2;
				MTL_ENABLE_DEBUG_INFO = NO;
				MTL_FAST_MATH = YES;
				SDKROOT = iphoneos;
				SWIFT_COMPILATION_MODE = wholemodule;
				SWIFT_OPTIMIZATION_LEVEL = "-O";
				VALIDATE_PRODUCT = YES;
			};
			name = Release;
		};
		A4093FBC29FD04AE0096F326 /* Debug */ = {
			isa = XCBuildConfiguration;
			buildSettings = {
				ASSETCATALOG_COMPILER_APPICON_NAME = AppIcon;
				ASSETCATALOG_COMPILER_GLOBAL_ACCENT_COLOR_NAME = AccentColor;
				CODE_SIGN_STYLE = Automatic;
				CURRENT_PROJECT_VERSION = 1;
				GENERATE_INFOPLIST_FILE = YES;
				INFOPLIST_FILE = Seminar3/Info.plist;
				INFOPLIST_KEY_UIApplicationSupportsIndirectInputEvents = YES;
				INFOPLIST_KEY_UILaunchStoryboardName = LaunchScreen;
				INFOPLIST_KEY_UIMainStoryboardFile = Main;
				INFOPLIST_KEY_UISupportedInterfaceOrientations_iPad = "UIInterfaceOrientationPortrait UIInterfaceOrientationPortraitUpsideDown UIInterfaceOrientationLandscapeLeft UIInterfaceOrientationLandscapeRight";
				INFOPLIST_KEY_UISupportedInterfaceOrientations_iPhone = "UIInterfaceOrientationPortrait UIInterfaceOrientationLandscapeLeft UIInterfaceOrientationLandscapeRight";
				LD_RUNPATH_SEARCH_PATHS = (
					"$(inherited)",
					"@executable_path/Frameworks",
				);
				MARKETING_VERSION = 1.0;
				PRODUCT_BUNDLE_IDENTIFIER = ahra.Seminar3;
				PRODUCT_NAME = "$(TARGET_NAME)";
				SWIFT_EMIT_LOC_STRINGS = YES;
				SWIFT_VERSION = 5.0;
				TARGETED_DEVICE_FAMILY = "1,2";
			};
			name = Debug;
		};
		A4093FBD29FD04AE0096F326 /* Release */ = {
			isa = XCBuildConfiguration;
			buildSettings = {
				ASSETCATALOG_COMPILER_APPICON_NAME = AppIcon;
				ASSETCATALOG_COMPILER_GLOBAL_ACCENT_COLOR_NAME = AccentColor;
				CODE_SIGN_STYLE = Automatic;
				CURRENT_PROJECT_VERSION = 1;
				GENERATE_INFOPLIST_FILE = YES;
				INFOPLIST_FILE = Seminar3/Info.plist;
				INFOPLIST_KEY_UIApplicationSupportsIndirectInputEvents = YES;
				INFOPLIST_KEY_UILaunchStoryboardName = LaunchScreen;
				INFOPLIST_KEY_UIMainStoryboardFile = Main;
				INFOPLIST_KEY_UISupportedInterfaceOrientations_iPad = "UIInterfaceOrientationPortrait UIInterfaceOrientationPortraitUpsideDown UIInterfaceOrientationLandscapeLeft UIInterfaceOrientationLandscapeRight";
				INFOPLIST_KEY_UISupportedInterfaceOrientations_iPhone = "UIInterfaceOrientationPortrait UIInterfaceOrientationLandscapeLeft UIInterfaceOrientationLandscapeRight";
				LD_RUNPATH_SEARCH_PATHS = (
					"$(inherited)",
					"@executable_path/Frameworks",
				);
				MARKETING_VERSION = 1.0;
				PRODUCT_BUNDLE_IDENTIFIER = ahra.Seminar3;
				PRODUCT_NAME = "$(TARGET_NAME)";
				SWIFT_EMIT_LOC_STRINGS = YES;
				SWIFT_VERSION = 5.0;
				TARGETED_DEVICE_FAMILY = "1,2";
			};
			name = Release;
		};
/* End XCBuildConfiguration section */

/* Begin XCConfigurationList section */
		A4093FA229FD04AD0096F326 /* Build configuration list for PBXProject "Seminar3" */ = {
			isa = XCConfigurationList;
			buildConfigurations = (
				A4093FB929FD04AE0096F326 /* Debug */,
				A4093FBA29FD04AE0096F326 /* Release */,
			);
			defaultConfigurationIsVisible = 0;
			defaultConfigurationName = Release;
		};
		A4093FBB29FD04AE0096F326 /* Build configuration list for PBXNativeTarget "Seminar3" */ = {
			isa = XCConfigurationList;
			buildConfigurations = (
				A4093FBC29FD04AE0096F326 /* Debug */,
				A4093FBD29FD04AE0096F326 /* Release */,
			);
			defaultConfigurationIsVisible = 0;
			defaultConfigurationName = Release;
		};
/* End XCConfigurationList section */

/* Begin XCRemoteSwiftPackageReference section */
		A4093FD129FD0DCE0096F326 /* XCRemoteSwiftPackageReference "SnapKit" */ = {
			isa = XCRemoteSwiftPackageReference;
			repositoryURL = "https://github.com/SnapKit/SnapKit.git";
			requirement = {
				branch = develop;
				kind = branch;
			};
		};
		A4093FD429FD0DD70096F326 /* XCRemoteSwiftPackageReference "Then" */ = {
			isa = XCRemoteSwiftPackageReference;
			repositoryURL = "https://github.com/devxoul/Then.git";
			requirement = {
				branch = master;
				kind = branch;
			};
		};
/* End XCRemoteSwiftPackageReference section */

/* Begin XCSwiftPackageProductDependency section */
		A4093FD229FD0DCE0096F326 /* SnapKit */ = {
			isa = XCSwiftPackageProductDependency;
			package = A4093FD129FD0DCE0096F326 /* XCRemoteSwiftPackageReference "SnapKit" */;
			productName = SnapKit;
		};
		A4093FD529FD0DD70096F326 /* Then */ = {
			isa = XCSwiftPackageProductDependency;
			package = A4093FD429FD0DD70096F326 /* XCRemoteSwiftPackageReference "Then" */;
			productName = Then;
		};
/* End XCSwiftPackageProductDependency section */
	};
	rootObject = A4093F9F29FD04AD0096F326 /* Project object */;
}
